
Microsoft Visual Studio Solution File, Format Version 12.00
# Visual Studio Version 17
VisualStudioVersion = 17.11.35312.102
MinimumVisualStudioVersion = 10.0.40219.1
Project("{9A19103F-16F7-4668-BE54-9A1E7A4F7556}") = "CarStockApi", "CarStockApi.csproj", "{387E8B28-609A-4C06-8BA2-F20EAD618018}"
EndProject
Global
	GlobalSection(SolutionConfigurationPlatforms) = preSolution
		Debug|Any CPU = Debug|Any CPU
		Release|Any CPU = Release|Any CPU
	EndGlobalSection
	GlobalSection(ProjectConfigurationPlatforms) = postSolution
		{387E8B28-609A-4C06-8BA2-F20EAD618018}.Debug|Any CPU.ActiveCfg = Debug|Any CPU
		{387E8B28-609A-4C06-8BA2-F20EAD618018}.Debug|Any CPU.Build.0 = Debug|Any CPU
		{387E8B28-609A-4C06-8BA2-F20EAD618018}.Release|Any CPU.ActiveCfg = Release|Any CPU
		{387E8B28-609A-4C06-8BA2-F20EAD618018}.Release|Any CPU.Build.0 = Release|Any CPU
	EndGlobalSection
	GlobalSection(SolutionProperties) = preSolution
		HideSolutionNode = FALSE
	EndGlobalSection
	GlobalSection(ExtensibilityGlobals) = postSolution
		SolutionGuid = {3C6E4C1E-8DC6-44B2-A043-15483B8F4B63}
	EndGlobalSection
EndGlobal
